
Microsoft Visual Studio Solution File, Format Version 12.00
# Visual Studio Version 17
VisualStudioVersion = 17.7.34221.43
MinimumVisualStudioVersion = 10.0.40219.1
Project("{9A19103F-16F7-4668-BE54-9A1E7A4F7556}") = "ObservablePatternExample", "ObservablePatternExample\ObservablePatternExample.csproj", "{1ED6192D-886F-4A77-986A-132D058E4B34}"
EndProject
Project("{9A19103F-16F7-4668-BE54-9A1E7A4F7556}") = "BuildingSurveillanceSystemApplication", "BuildingSurveillanceSystemApplication\BuildingSurveillanceSystemApplication.csproj", "{C093F51D-929F-47FB-AB64-47CDE238AAFA}"
EndProject
Project("{2150E333-8FDC-42A3-9474-1A3956D46DE8}") = "ObservablePattern", "ObservablePattern", "{8293635C-2122-4864-904F-40743DE6EB6F}"
EndProject
Project("{2150E333-8FDC-42A3-9474-1A3956D46DE8}") = "Generics", "Generics", "{BCC1B8DE-A8B6-4AF3-8FA0-EA0B3278D86C}"
EndProject
Project("{9A19103F-16F7-4668-BE54-9A1E7A4F7556}") = "WarehouseManagementSystemAPI", "WarehouseManagementSystemAPI\WarehouseManagementSystemAPI.csproj", "{FA5E817C-FA61-485A-BB5B-70E2177AD01F}"
EndProject
Project("{9A19103F-16F7-4668-BE54-9A1E7A4F7556}") = "HardwareWarehouseManagementSystem", "HardwareWarehouseManagementSystem\HardwareWarehouseManagementSystem.csproj", "{3C6AC8CB-89AD-4783-9FD1-CF416E5B94AA}"
EndProject
Project("{2150E333-8FDC-42A3-9474-1A3956D46DE8}") = "Event", "Event", "{82C7E03A-7B0F-4097-99D8-E18916B9888D}"
EndProject
Project("{2150E333-8FDC-42A3-9474-1A3956D46DE8}") = "FactoryPattern", "FactoryPattern", "{E47DF29E-8DC2-4C38-935B-851FBAA7306E}"
EndProject
Project("{9A19103F-16F7-4668-BE54-9A1E7A4F7556}") = "DigitalProductInventoryApplication", "DigitalProductInventoryApplication\DigitalProductInventoryApplication.csproj", "{17CCA0F7-912A-41F4-B747-8CD6B9E441C6}"
EndProject
Project("{FAE04EC0-301F-11D3-BF4B-00C04F79EFBC}") = "ThermostatEventsApp", "ThermostatEventsApp\ThermostatEventsApp.csproj", "{E2FE420F-E6C3-4C57-8332-153C98057125}"
EndProject
Project("{FAE04EC0-301F-11D3-BF4B-00C04F79EFBC}") = "Log-DelegateBasicExample", "Log-DelegateBasicExample\Log-DelegateBasicExample.csproj", "{E26DF1E3-F3EB-4B4D-8AB3-5EBE68A6BBFF}"
EndProject
Project("{2150E333-8FDC-42A3-9474-1A3956D46DE8}") = "Delegate", "Delegate", "{FB061B3A-9D2D-431D-AC0D-2C2DBDC403B9}"
EndProject
Project("{FAE04EC0-301F-11D3-BF4B-00C04F79EFBC}") = "FuncActionPredicateExamples", "FuncActionPredicateExamples\FuncActionPredicateExamples.csproj", "{16CD411E-1589-4100-B5EF-5B04012EE6FE}"
EndProject
Project("{FAE04EC0-301F-11D3-BF4B-00C04F79EFBC}") = "ClubMembershipApplication", "ClubMembershipApplication\ClubMembershipApplication.csproj", "{E43ACA96-0E59-4A3A-999B-06D1590F94B0}"
EndProject
Project("{FAE04EC0-301F-11D3-BF4B-00C04F79EFBC}") = "FieldValidatorAPI", "FieldValidatorAPI\FieldValidatorAPI.csproj", "{F7C8461C-9082-4F91-8747-C0EE721473D5}"
EndProject
Project("{FAE04EC0-301F-11D3-BF4B-00C04F79EFBC}") = "GenericBubbleSortApplication", "GenericBubbleSortApplication\GenericBubbleSortApplication.csproj", "{08D80609-9F17-43A8-A556-6ED088F6BC9D}"
EndProject
Project("{2150E333-8FDC-42A3-9474-1A3956D46DE8}") = "LinQ", "LinQ", "{3571B095-B7AB-431F-B580-97B69205BC3E}"
EndProject
Project("{FAE04EC0-301F-11D3-BF4B-00C04F79EFBC}") = "LINQExamples", "LINQExamples\LINQExamples.csproj", "{30026855-485F-4123-B674-66F7B8D0FA96}"
EndProject
Project("{2150E333-8FDC-42A3-9474-1A3956D46DE8}") = "AttributeAndReflection", "AttributeAndReflection", "{855255D6-31ED-4037-918E-9733D8297ECD}"
EndProject
Project("{FAE04EC0-301F-11D3-BF4B-00C04F79EFBC}") = "ReflectionExample", "ReflectionExample\ReflectionExample.csproj", "{9568883A-4B3B-4B94-A1FA-BF03B981E03E}"
EndProject
Project("{FAE04EC0-301F-11D3-BF4B-00C04F79EFBC}") = "AttributesExamples", "AttributesExamples\AttributesExamples.csproj", "{CFB8526B-0AA4-4AAC-9742-447301146EAD}"
EndProject
Project("{FAE04EC0-301F-11D3-BF4B-00C04F79EFBC}") = "FinancialTradingPlatformApplication", "FinancialTradingPlatformApplication\FinancialTradingPlatformApplication.csproj", "{1B031ECA-7232-482C-9C5C-9924DC095FD0}"
EndProject
Project("{2150E333-8FDC-42A3-9474-1A3956D46DE8}") = "AsyncAwait", "AsyncAwait", "{E6DD05FD-2097-4BE9-AC4F-D9616832B524}"
EndProject
Global
	GlobalSection(SolutionConfigurationPlatforms) = preSolution
		Debug|Any CPU = Debug|Any CPU
		Release|Any CPU = Release|Any CPU
	EndGlobalSection
	GlobalSection(ProjectConfigurationPlatforms) = postSolution
		{1ED6192D-886F-4A77-986A-132D058E4B34}.Debug|Any CPU.ActiveCfg = Debug|Any CPU
		{1ED6192D-886F-4A77-986A-132D058E4B34}.Debug|Any CPU.Build.0 = Debug|Any CPU
		{1ED6192D-886F-4A77-986A-132D058E4B34}.Release|Any CPU.ActiveCfg = Release|Any CPU
		{1ED6192D-886F-4A77-986A-132D058E4B34}.Release|Any CPU.Build.0 = Release|Any CPU
		{C093F51D-929F-47FB-AB64-47CDE238AAFA}.Debug|Any CPU.ActiveCfg = Debug|Any CPU
		{C093F51D-929F-47FB-AB64-47CDE238AAFA}.Debug|Any CPU.Build.0 = Debug|Any CPU
		{C093F51D-929F-47FB-AB64-47CDE238AAFA}.Release|Any CPU.ActiveCfg = Release|Any CPU
		{C093F51D-929F-47FB-AB64-47CDE238AAFA}.Release|Any CPU.Build.0 = Release|Any CPU
		{FA5E817C-FA61-485A-BB5B-70E2177AD01F}.Debug|Any CPU.ActiveCfg = Debug|Any CPU
		{FA5E817C-FA61-485A-BB5B-70E2177AD01F}.Debug|Any CPU.Build.0 = Debug|Any CPU
		{FA5E817C-FA61-485A-BB5B-70E2177AD01F}.Release|Any CPU.ActiveCfg = Release|Any CPU
		{FA5E817C-FA61-485A-BB5B-70E2177AD01F}.Release|Any CPU.Build.0 = Release|Any CPU
		{3C6AC8CB-89AD-4783-9FD1-CF416E5B94AA}.Debug|Any CPU.ActiveCfg = Debug|Any CPU
		{3C6AC8CB-89AD-4783-9FD1-CF416E5B94AA}.Debug|Any CPU.Build.0 = Debug|Any CPU
		{3C6AC8CB-89AD-4783-9FD1-CF416E5B94AA}.Release|Any CPU.ActiveCfg = Release|Any CPU
		{3C6AC8CB-89AD-4783-9FD1-CF416E5B94AA}.Release|Any CPU.Build.0 = Release|Any CPU
		{17CCA0F7-912A-41F4-B747-8CD6B9E441C6}.Debug|Any CPU.ActiveCfg = Debug|Any CPU
		{17CCA0F7-912A-41F4-B747-8CD6B9E441C6}.Debug|Any CPU.Build.0 = Debug|Any CPU
		{17CCA0F7-912A-41F4-B747-8CD6B9E441C6}.Release|Any CPU.ActiveCfg = Release|Any CPU
		{17CCA0F7-912A-41F4-B747-8CD6B9E441C6}.Release|Any CPU.Build.0 = Release|Any CPU
		{E2FE420F-E6C3-4C57-8332-153C98057125}.Debug|Any CPU.ActiveCfg = Debug|Any CPU
		{E2FE420F-E6C3-4C57-8332-153C98057125}.Debug|Any CPU.Build.0 = Debug|Any CPU
		{E2FE420F-E6C3-4C57-8332-153C98057125}.Release|Any CPU.ActiveCfg = Release|Any CPU
		{E2FE420F-E6C3-4C57-8332-153C98057125}.Release|Any CPU.Build.0 = Release|Any CPU
		{E26DF1E3-F3EB-4B4D-8AB3-5EBE68A6BBFF}.Debug|Any CPU.ActiveCfg = Debug|Any CPU
		{E26DF1E3-F3EB-4B4D-8AB3-5EBE68A6BBFF}.Debug|Any CPU.Build.0 = Debug|Any CPU
		{E26DF1E3-F3EB-4B4D-8AB3-5EBE68A6BBFF}.Release|Any CPU.ActiveCfg = Release|Any CPU
		{E26DF1E3-F3EB-4B4D-8AB3-5EBE68A6BBFF}.Release|Any CPU.Build.0 = Release|Any CPU
		{16CD411E-1589-4100-B5EF-5B04012EE6FE}.Debug|Any CPU.ActiveCfg = Debug|Any CPU
		{16CD411E-1589-4100-B5EF-5B04012EE6FE}.Debug|Any CPU.Build.0 = Debug|Any CPU
		{16CD411E-1589-4100-B5EF-5B04012EE6FE}.Release|Any CPU.ActiveCfg = Release|Any CPU
		{16CD411E-1589-4100-B5EF-5B04012EE6FE}.Release|Any CPU.Build.0 = Release|Any CPU
		{E43ACA96-0E59-4A3A-999B-06D1590F94B0}.Debug|Any CPU.ActiveCfg = Debug|Any CPU
		{E43ACA96-0E59-4A3A-999B-06D1590F94B0}.Debug|Any CPU.Build.0 = Debug|Any CPU
		{E43ACA96-0E59-4A3A-999B-06D1590F94B0}.Release|Any CPU.ActiveCfg = Release|Any CPU
		{E43ACA96-0E59-4A3A-999B-06D1590F94B0}.Release|Any CPU.Build.0 = Release|Any CPU
		{F7C8461C-9082-4F91-8747-C0EE721473D5}.Debug|Any CPU.ActiveCfg = Debug|Any CPU
		{F7C8461C-9082-4F91-8747-C0EE721473D5}.Debug|Any CPU.Build.0 = Debug|Any CPU
		{F7C8461C-9082-4F91-8747-C0EE721473D5}.Release|Any CPU.ActiveCfg = Release|Any CPU
		{F7C8461C-9082-4F91-8747-C0EE721473D5}.Release|Any CPU.Build.0 = Release|Any CPU
		{08D80609-9F17-43A8-A556-6ED088F6BC9D}.Debug|Any CPU.ActiveCfg = Debug|Any CPU
		{08D80609-9F17-43A8-A556-6ED088F6BC9D}.Debug|Any CPU.Build.0 = Debug|Any CPU
		{08D80609-9F17-43A8-A556-6ED088F6BC9D}.Release|Any CPU.ActiveCfg = Release|Any CPU
		{08D80609-9F17-43A8-A556-6ED088F6BC9D}.Release|Any CPU.Build.0 = Release|Any CPU
		{30026855-485F-4123-B674-66F7B8D0FA96}.Debug|Any CPU.ActiveCfg = Debug|Any CPU
		{30026855-485F-4123-B674-66F7B8D0FA96}.Debug|Any CPU.Build.0 = Debug|Any CPU
		{30026855-485F-4123-B674-66F7B8D0FA96}.Release|Any CPU.ActiveCfg = Release|Any CPU
		{30026855-485F-4123-B674-66F7B8D0FA96}.Release|Any CPU.Build.0 = Release|Any CPU
		{9568883A-4B3B-4B94-A1FA-BF03B981E03E}.Debug|Any CPU.ActiveCfg = Debug|Any CPU
		{9568883A-4B3B-4B94-A1FA-BF03B981E03E}.Debug|Any CPU.Build.0 = Debug|Any CPU
		{9568883A-4B3B-4B94-A1FA-BF03B981E03E}.Release|Any CPU.ActiveCfg = Release|Any CPU
		{9568883A-4B3B-4B94-A1FA-BF03B981E03E}.Release|Any CPU.Build.0 = Release|Any CPU
		{CFB8526B-0AA4-4AAC-9742-447301146EAD}.Debug|Any CPU.ActiveCfg = Debug|Any CPU
		{CFB8526B-0AA4-4AAC-9742-447301146EAD}.Debug|Any CPU.Build.0 = Debug|Any CPU
		{CFB8526B-0AA4-4AAC-9742-447301146EAD}.Release|Any CPU.ActiveCfg = Release|Any CPU
		{CFB8526B-0AA4-4AAC-9742-447301146EAD}.Release|Any CPU.Build.0 = Release|Any CPU
		{1B031ECA-7232-482C-9C5C-9924DC095FD0}.Debug|Any CPU.ActiveCfg = Debug|Any CPU
		{1B031ECA-7232-482C-9C5C-9924DC095FD0}.Debug|Any CPU.Build.0 = Debug|Any CPU
		{1B031ECA-7232-482C-9C5C-9924DC095FD0}.Release|Any CPU.ActiveCfg = Release|Any CPU
		{1B031ECA-7232-482C-9C5C-9924DC095FD0}.Release|Any CPU.Build.0 = Release|Any CPU
	EndGlobalSection
	GlobalSection(SolutionProperties) = preSolution
		HideSolutionNode = FALSE
	EndGlobalSection
	GlobalSection(NestedProjects) = preSolution
		{1ED6192D-886F-4A77-986A-132D058E4B34} = {8293635C-2122-4864-904F-40743DE6EB6F}
		{C093F51D-929F-47FB-AB64-47CDE238AAFA} = {8293635C-2122-4864-904F-40743DE6EB6F}
		{FA5E817C-FA61-485A-BB5B-70E2177AD01F} = {82C7E03A-7B0F-4097-99D8-E18916B9888D}
		{3C6AC8CB-89AD-4783-9FD1-CF416E5B94AA} = {82C7E03A-7B0F-4097-99D8-E18916B9888D}
		{82C7E03A-7B0F-4097-99D8-E18916B9888D} = {BCC1B8DE-A8B6-4AF3-8FA0-EA0B3278D86C}
		{E47DF29E-8DC2-4C38-935B-851FBAA7306E} = {BCC1B8DE-A8B6-4AF3-8FA0-EA0B3278D86C}
		{17CCA0F7-912A-41F4-B747-8CD6B9E441C6} = {E47DF29E-8DC2-4C38-935B-851FBAA7306E}
		{E2FE420F-E6C3-4C57-8332-153C98057125} = {82C7E03A-7B0F-4097-99D8-E18916B9888D}
		{E26DF1E3-F3EB-4B4D-8AB3-5EBE68A6BBFF} = {FB061B3A-9D2D-431D-AC0D-2C2DBDC403B9}
		{16CD411E-1589-4100-B5EF-5B04012EE6FE} = {FB061B3A-9D2D-431D-AC0D-2C2DBDC403B9}
		{E43ACA96-0E59-4A3A-999B-06D1590F94B0} = {FB061B3A-9D2D-431D-AC0D-2C2DBDC403B9}
		{F7C8461C-9082-4F91-8747-C0EE721473D5} = {FB061B3A-9D2D-431D-AC0D-2C2DBDC403B9}
		{08D80609-9F17-43A8-A556-6ED088F6BC9D} = {BCC1B8DE-A8B6-4AF3-8FA0-EA0B3278D86C}
		{30026855-485F-4123-B674-66F7B8D0FA96} = {3571B095-B7AB-431F-B580-97B69205BC3E}
		{9568883A-4B3B-4B94-A1FA-BF03B981E03E} = {855255D6-31ED-4037-918E-9733D8297ECD}
		{CFB8526B-0AA4-4AAC-9742-447301146EAD} = {855255D6-31ED-4037-918E-9733D8297ECD}
		{1B031ECA-7232-482C-9C5C-9924DC095FD0} = {E6DD05FD-2097-4BE9-AC4F-D9616832B524}
	EndGlobalSection
	GlobalSection(ExtensibilityGlobals) = postSolution
		SolutionGuid = {897AA0A7-4E51-4009-92B5-486C84F8D848}
	EndGlobalSection
EndGlobal
